
Microsoft Visual Studio Solution File, Format Version 12.00
# Visual Studio 15
Project("{FAE04EC0-301F-11D3-BF4B-00C04F79EFBC}") = "CSVEval", "CSVEval.csproj", "{D864C2CB-0ECE-4559-B15A-F8C578B688E1}"
EndProject
Global
	GlobalSection(SolutionConfigurationPlatforms) = preSolution
		Debug|Any CPU = Debug|Any CPU
		Release|Any CPU = Release|Any CPU
	EndGlobalSection
	GlobalSection(ProjectConfigurationPlatforms) = postSolution
		{D864C2CB-0ECE-4559-B15A-F8C578B688E1}.Debug|Any CPU.ActiveCfg = Debug|Any CPU
		{D864C2CB-0ECE-4559-B15A-F8C578B688E1}.Debug|Any CPU.Build.0 = Debug|Any CPU
		{D864C2CB-0ECE-4559-B15A-F8C578B688E1}.Release|Any CPU.ActiveCfg = Release|Any CPU
		{D864C2CB-0ECE-4559-B15A-F8C578B688E1}.Release|Any CPU.Build.0 = Release|Any CPU
	EndGlobalSection
EndGlobal
